PODS:
  - AFNetworking (3.1.0):
    - AFNetworking/NSURLSession (= 3.1.0)
    - AFNetworking/Reachability (= 3.1.0)
    - AFNetworking/Security (= 3.1.0)
    - AFNetworking/Serialization (= 3.1.0)
    - AFNetworking/UIKit (= 3.1.0)
  - AFNetworking/NSURLSession (3.1.0):
    - AFNetworking/Reachability
    - AFNetworking/Security
    - AFNetworking/Serialization
  - AFNetworking/Reachability (3.1.0)
  - AFNetworking/Security (3.1.0)
  - AFNetworking/Serialization (3.1.0)
  - AFNetworking/UIKit (3.1.0):
    - AFNetworking/NSURLSession
  - EaseMobSDK (2.3.1)
  - FMDB (2.6.2):
    - FMDB/standard (= 2.6.2)
  - FMDB/standard (2.6.2)
  - HPGrowingTextView (1.1)
  - IQKeyboardManager (4.0.8)
  - Masonry (0.6.4)
  - MBProgressHUD (1.0.0)
  - MJExtension (2.5.16)
  - MJRefresh (2.3.2)
  - ReactiveCocoa (2.5):
    - ReactiveCocoa/UI (= 2.5)
  - ReactiveCocoa/Core (2.5):
    - ReactiveCocoa/no-arc
  - ReactiveCocoa/no-arc (2.5)
  - ReactiveCocoa/UI (2.5):
    - ReactiveCocoa/Core
  - SDWebImage (3.7.6):
    - SDWebImage/Core (= 3.7.6)
  - SDWebImage/Core (3.7.6)
  - TYAttributedLabel (2.5.6)
  - YYKit (1.0.9):
    - YYKit/no-arc (= 1.0.9)
  - YYKit/no-arc (1.0.9)
  - ZYQAssetPickerController (1.0.0)

DEPENDENCIES:
  - AFNetworking (~> 3.1.0)
  - EaseMobSDK (~> 2.3.0)
  - FMDB (~> 2.5)
  - HPGrowingTextView (~> 1.1)
  - IQKeyboardManager (~> 4.0.0)
  - Masonry (~> 0.6.2)
  - MBProgressHUD (~> 1.0.0)
  - MJExtension (~> 2.5.15)
  - MJRefresh (~> 2.3.2)
  - ReactiveCocoa (~> 2.5)
  - SDWebImage (~> 3.7.2)
  - TYAttributedLabel (~> 2.5.1)
  - YYKit
  - ZYQAssetPickerController (~> 1.0.0)

SPEC CHECKSUMS:
  AFNetworking: 5e0e199f73d8626b11e79750991f5d173d1f8b67
  EaseMobSDK: d21aecc3af9cf07f774892da8fa10641f5d816c6
  FMDB: 854a0341b4726e53276f2a8996f06f1b80f9259a
  HPGrowingTextView: 88a716d97fb853bcb08a4a08e4727da17efc9b19
  IQKeyboardManager: 1a8189fa153bf09044355ee0ad36826f6767e7f7
  Masonry: 281802d04d787ea2973179ee8bcb50500579ede2
  MBProgressHUD: 4890f671c94e8a0f3cf959aa731e9de2f036d71a
  MJExtension: b8c1321a77d91bcc007b94d38cbf5383c95ea30e
  MJRefresh: 0f6f5e8387970607c26080b44058b229a23065d7
  ReactiveCocoa: e2db045570aa97c695e7aa97c2bcab222ae51f4a
  SDWebImage: c325cf02c30337336b95beff20a13df489ec0ec9
  TYAttributedLabel: 251d4cb2bf35813815d0ad632b3e56ba626c6b01
  YYKit: 7cda43304a8dc3696c449041e2cb3107b4e236e7
  ZYQAssetPickerController: e5cf51ee6c05fa06746830026c247cb9f6699e84

PODFILE CHECKSUM: 7486414dc2c05775381d5a0d6c40523931853d53

COCOAPODS: 1.2.0
